
Microsoft Visual Studio Solution File, Format Version 12.00
# Visual Studio 2013
VisualStudioVersion = 12.0.30723.0
MinimumVisualStudioVersion = 10.0.40219.1
Project("{FAE04EC0-301F-11D3-BF4B-00C04F79EFBC}") = "HalEval", "HalEval\HalEval.csproj", "{453EF613-EF55-4862-BD03-06ECD5322C6A}"
EndProject
Project("{FAE04EC0-301F-11D3-BF4B-00C04F79EFBC}") = "HalEval.Tests", "HalEval.Tests\HalEval.Tests.csproj", "{FA1F5930-6A20-43E4-B8F3-B9789E17C1A8}"
EndProject
Global
	GlobalSection(SolutionConfigurationPlatforms) = preSolution
		Debug|Any CPU = Debug|Any CPU
		Release|Any CPU = Release|Any CPU
	EndGlobalSection
	GlobalSection(ProjectConfigurationPlatforms) = postSolution
		{453EF613-EF55-4862-BD03-06ECD5322C6A}.Debug|Any CPU.ActiveCfg = Debug|Any CPU
		{453EF613-EF55-4862-BD03-06ECD5322C6A}.Debug|Any CPU.Build.0 = Debug|Any CPU
		{453EF613-EF55-4862-BD03-06ECD5322C6A}.Release|Any CPU.ActiveCfg = Release|Any CPU
		{453EF613-EF55-4862-BD03-06ECD5322C6A}.Release|Any CPU.Build.0 = Release|Any CPU
		{FA1F5930-6A20-43E4-B8F3-B9789E17C1A8}.Debug|Any CPU.ActiveCfg = Debug|Any CPU
		{FA1F5930-6A20-43E4-B8F3-B9789E17C1A8}.Debug|Any CPU.Build.0 = Debug|Any CPU
		{FA1F5930-6A20-43E4-B8F3-B9789E17C1A8}.Release|Any CPU.ActiveCfg = Release|Any CPU
		{FA1F5930-6A20-43E4-B8F3-B9789E17C1A8}.Release|Any CPU.Build.0 = Release|Any CPU
	EndGlobalSection
	GlobalSection(SolutionProperties) = preSolution
		HideSolutionNode = FALSE
	EndGlobalSection
EndGlobal
